
Microsoft Visual Studio Solution File, Format Version 12.00
# Visual Studio Version 16
VisualStudioVersion = 16.0.30907.101
MinimumVisualStudioVersion = 10.0.40219.1
Project("{FAE04EC0-301F-11D3-BF4B-00C04F79EFBC}") = "HelloWorldJJacobek", "HelloWorldJJacobek\HelloWorldJJacobek.csproj", "{94F5CAE2-436A-4A4C-8500-CDD1774B90DB}"
EndProject
Global
	GlobalSection(SolutionConfigurationPlatforms) = preSolution
		Debug|Any CPU = Debug|Any CPU
		Release|Any CPU = Release|Any CPU
	EndGlobalSection
	GlobalSection(ProjectConfigurationPlatforms) = postSolution
		{94F5CAE2-436A-4A4C-8500-CDD1774B90DB}.Debug|Any CPU.ActiveCfg = Debug|Any CPU
		{94F5CAE2-436A-4A4C-8500-CDD1774B90DB}.Debug|Any CPU.Build.0 = Debug|Any CPU
		{94F5CAE2-436A-4A4C-8500-CDD1774B90DB}.Release|Any CPU.ActiveCfg = Release|Any CPU
		{94F5CAE2-436A-4A4C-8500-CDD1774B90DB}.Release|Any CPU.Build.0 = Release|Any CPU
	EndGlobalSection
	GlobalSection(SolutionProperties) = preSolution
		HideSolutionNode = FALSE
	EndGlobalSection
	GlobalSection(ExtensibilityGlobals) = postSolution
		SolutionGuid = {7A7B0504-ED9D-45B4-BE44-BDA81573316A}
	EndGlobalSection
EndGlobal
